
Microsoft Visual Studio Solution File, Format Version 12.00
# Visual Studio Version 16
VisualStudioVersion = 16.0.30011.22
MinimumVisualStudioVersion = 10.0.40219.1
Project("{FAE04EC0-301F-11D3-BF4B-00C04F79EFBC}") = "Ejemplo1", "Ejemplo1.csproj", "{D1045A89-20CC-45E5-A2F8-E8C773CA6528}"
EndProject
Global
	GlobalSection(SolutionConfigurationPlatforms) = preSolution
		Debug|Any CPU = Debug|Any CPU
		Release|Any CPU = Release|Any CPU
	EndGlobalSection
	GlobalSection(ProjectConfigurationPlatforms) = postSolution
		{D1045A89-20CC-45E5-A2F8-E8C773CA6528}.Debug|Any CPU.ActiveCfg = Debug|Any CPU
		{D1045A89-20CC-45E5-A2F8-E8C773CA6528}.Debug|Any CPU.Build.0 = Debug|Any CPU
		{D1045A89-20CC-45E5-A2F8-E8C773CA6528}.Release|Any CPU.ActiveCfg = Release|Any CPU
		{D1045A89-20CC-45E5-A2F8-E8C773CA6528}.Release|Any CPU.Build.0 = Release|Any CPU
	EndGlobalSection
	GlobalSection(SolutionProperties) = preSolution
		HideSolutionNode = FALSE
	EndGlobalSection
	GlobalSection(ExtensibilityGlobals) = postSolution
		SolutionGuid = {C727B18C-C4D0-4199-B0BE-468B00ED263F}
	EndGlobalSection
EndGlobal
